
Microsoft Visual Studio Solution File, Format Version 12.00
# Visual Studio Version 17
VisualStudioVersion = 17.14.36221.1 d17.14
MinimumVisualStudioVersion = 10.0.40219.1
Project("{FAE04EC0-301F-11D3-BF4B-00C04F79EFBC}") = "WebApi_1", "WebApi_1.csproj", "{661B54BA-CE21-46EB-A71D-B7352F285B5E}"
EndProject
Global
	GlobalSection(SolutionConfigurationPlatforms) = preSolution
		Debug|Any CPU = Debug|Any CPU
		Release|Any CPU = Release|Any CPU
	EndGlobalSection
	GlobalSection(ProjectConfigurationPlatforms) = postSolution
		{661B54BA-CE21-46EB-A71D-B7352F285B5E}.Debug|Any CPU.ActiveCfg = Debug|Any CPU
		{661B54BA-CE21-46EB-A71D-B7352F285B5E}.Debug|Any CPU.Build.0 = Debug|Any CPU
		{661B54BA-CE21-46EB-A71D-B7352F285B5E}.Release|Any CPU.ActiveCfg = Release|Any CPU
		{661B54BA-CE21-46EB-A71D-B7352F285B5E}.Release|Any CPU.Build.0 = Release|Any CPU
	EndGlobalSection
	GlobalSection(SolutionProperties) = preSolution
		HideSolutionNode = FALSE
	EndGlobalSection
	GlobalSection(ExtensibilityGlobals) = postSolution
		SolutionGuid = {1B01DEDE-F6DA-4D45-8232-D8DD53CAAF19}
	EndGlobalSection
EndGlobal
